
Microsoft Visual Studio Solution File, Format Version 12.00
# Visual Studio Version 16
VisualStudioVersion = 16.0.29001.49
MinimumVisualStudioVersion = 10.0.40219.1
Project("{8BC9CEB8-8B4A-11D0-8D11-00A0C91BC942}") = "BoostPythonTest", "BoostPythonTest\BoostPythonTest.vcxproj", "{D53D3A52-4F52-431B-B3C7-E49524229C22}"
EndProject
Project("{8BC9CEB8-8B4A-11D0-8D11-00A0C91BC942}") = "RunBoostPythonTest", "RunBoostPythonTest\RunBoostPythonTest.vcxproj", "{079C64FE-1A2F-4506-AF3A-07C1DC30550E}"
EndProject
Project("{8BC9CEB8-8B4A-11D0-8D11-00A0C91BC942}") = "JTurnerTutorial", "JTurnerTutorial\JTurnerTutorial.vcxproj", "{02FD803B-A7E4-4C05-BD91-302A373C81AB}"
EndProject
Project("{FAE04EC0-301F-11D3-BF4B-00C04F79EFBC}") = "PostgreSQLDataExchangeTest", "PostgreSQLDataExchangeTest\PostgreSQLDataExchangeTest.csproj", "{09CC3FA4-003C-451E-8D21-7B0D26D7F5E7}"
EndProject
Global
	GlobalSection(SolutionConfigurationPlatforms) = preSolution
		Debug|Any CPU = Debug|Any CPU
		Debug|x64 = Debug|x64
		Debug|x86 = Debug|x86
		Release|Any CPU = Release|Any CPU
		Release|x64 = Release|x64
		Release|x86 = Release|x86
	EndGlobalSection
	GlobalSection(ProjectConfigurationPlatforms) = postSolution
		{D53D3A52-4F52-431B-B3C7-E49524229C22}.Debug|Any CPU.ActiveCfg = Debug|Win32
		{D53D3A52-4F52-431B-B3C7-E49524229C22}.Debug|x64.ActiveCfg = Debug|x64
		{D53D3A52-4F52-431B-B3C7-E49524229C22}.Debug|x64.Build.0 = Debug|x64
		{D53D3A52-4F52-431B-B3C7-E49524229C22}.Debug|x86.ActiveCfg = Debug|Win32
		{D53D3A52-4F52-431B-B3C7-E49524229C22}.Debug|x86.Build.0 = Debug|Win32
		{D53D3A52-4F52-431B-B3C7-E49524229C22}.Release|Any CPU.ActiveCfg = Release|Win32
		{D53D3A52-4F52-431B-B3C7-E49524229C22}.Release|x64.ActiveCfg = Release|x64
		{D53D3A52-4F52-431B-B3C7-E49524229C22}.Release|x64.Build.0 = Release|x64
		{D53D3A52-4F52-431B-B3C7-E49524229C22}.Release|x86.ActiveCfg = Release|Win32
		{D53D3A52-4F52-431B-B3C7-E49524229C22}.Release|x86.Build.0 = Release|Win32
		{079C64FE-1A2F-4506-AF3A-07C1DC30550E}.Debug|Any CPU.ActiveCfg = Debug|Win32
		{079C64FE-1A2F-4506-AF3A-07C1DC30550E}.Debug|x64.ActiveCfg = Debug|x64
		{079C64FE-1A2F-4506-AF3A-07C1DC30550E}.Debug|x64.Build.0 = Debug|x64
		{079C64FE-1A2F-4506-AF3A-07C1DC30550E}.Debug|x86.ActiveCfg = Debug|Win32
		{079C64FE-1A2F-4506-AF3A-07C1DC30550E}.Debug|x86.Build.0 = Debug|Win32
		{079C64FE-1A2F-4506-AF3A-07C1DC30550E}.Release|Any CPU.ActiveCfg = Release|Win32
		{079C64FE-1A2F-4506-AF3A-07C1DC30550E}.Release|x64.ActiveCfg = Release|x64
		{079C64FE-1A2F-4506-AF3A-07C1DC30550E}.Release|x64.Build.0 = Release|x64
		{079C64FE-1A2F-4506-AF3A-07C1DC30550E}.Release|x86.ActiveCfg = Release|Win32
		{079C64FE-1A2F-4506-AF3A-07C1DC30550E}.Release|x86.Build.0 = Release|Win32
		{02FD803B-A7E4-4C05-BD91-302A373C81AB}.Debug|Any CPU.ActiveCfg = Debug|Win32
		{02FD803B-A7E4-4C05-BD91-302A373C81AB}.Debug|x64.ActiveCfg = Debug|x64
		{02FD803B-A7E4-4C05-BD91-302A373C81AB}.Debug|x64.Build.0 = Debug|x64
		{02FD803B-A7E4-4C05-BD91-302A373C81AB}.Debug|x86.ActiveCfg = Debug|Win32
		{02FD803B-A7E4-4C05-BD91-302A373C81AB}.Debug|x86.Build.0 = Debug|Win32
		{02FD803B-A7E4-4C05-BD91-302A373C81AB}.Release|Any CPU.ActiveCfg = Release|Win32
		{02FD803B-A7E4-4C05-BD91-302A373C81AB}.Release|x64.ActiveCfg = Release|x64
		{02FD803B-A7E4-4C05-BD91-302A373C81AB}.Release|x64.Build.0 = Release|x64
		{02FD803B-A7E4-4C05-BD91-302A373C81AB}.Release|x86.ActiveCfg = Release|Win32
		{02FD803B-A7E4-4C05-BD91-302A373C81AB}.Release|x86.Build.0 = Release|Win32
		{09CC3FA4-003C-451E-8D21-7B0D26D7F5E7}.Debug|Any CPU.ActiveCfg = Debug|Any CPU
		{09CC3FA4-003C-451E-8D21-7B0D26D7F5E7}.Debug|Any CPU.Build.0 = Debug|Any CPU
		{09CC3FA4-003C-451E-8D21-7B0D26D7F5E7}.Debug|x64.ActiveCfg = Debug|Any CPU
		{09CC3FA4-003C-451E-8D21-7B0D26D7F5E7}.Debug|x64.Build.0 = Debug|Any CPU
		{09CC3FA4-003C-451E-8D21-7B0D26D7F5E7}.Debug|x86.ActiveCfg = Debug|Any CPU
		{09CC3FA4-003C-451E-8D21-7B0D26D7F5E7}.Debug|x86.Build.0 = Debug|Any CPU
		{09CC3FA4-003C-451E-8D21-7B0D26D7F5E7}.Release|Any CPU.ActiveCfg = Release|Any CPU
		{09CC3FA4-003C-451E-8D21-7B0D26D7F5E7}.Release|Any CPU.Build.0 = Release|Any CPU
		{09CC3FA4-003C-451E-8D21-7B0D26D7F5E7}.Release|x64.ActiveCfg = Release|Any CPU
		{09CC3FA4-003C-451E-8D21-7B0D26D7F5E7}.Release|x64.Build.0 = Release|Any CPU
		{09CC3FA4-003C-451E-8D21-7B0D26D7F5E7}.Release|x86.ActiveCfg = Release|Any CPU
		{09CC3FA4-003C-451E-8D21-7B0D26D7F5E7}.Release|x86.Build.0 = Release|Any CPU
	EndGlobalSection
	GlobalSection(SolutionProperties) = preSolution
		HideSolutionNode = FALSE
	EndGlobalSection
	GlobalSection(ExtensibilityGlobals) = postSolution
		SolutionGuid = {1495D1DF-D16D-4B51-8D53-C9AAB2BDD38A}
	EndGlobalSection
EndGlobal
